
Microsoft Visual Studio Solution File, Format Version 12.00
Project("{FAE04EC0-301F-11D3-BF4B-00C04F79EFBC}") = "HMITagAnalyzer.Core", "HMITagAnalyzer.Core\HMITagAnalyzer.Core.csproj", "{A8E54750-ECB3-4CF6-855D-6308B52C0279}"
EndProject
Project("{FAE04EC0-301F-11D3-BF4B-00C04F79EFBC}") = "HMITagAnalyzer", "HMITagAnalyzer\HMITagAnalyzer.csproj", "{A498F620-1DA9-4878-9B8C-D960B9CEBB6B}"
EndProject
Project("{FAE04EC0-301F-11D3-BF4B-00C04F79EFBC}") = "HMITagAnalyzer.CLI", "HMITagAnalyzer.CLI\HMITagAnalyzer.CLI.csproj", "{92A7BE7B-E03C-4204-874A-AF730A7F340B}"
EndProject
Global
	GlobalSection(SolutionConfigurationPlatforms) = preSolution
		Debug|Any CPU = Debug|Any CPU
		Release|Any CPU = Release|Any CPU
	EndGlobalSection
	GlobalSection(ProjectConfigurationPlatforms) = postSolution
		{A498F620-1DA9-4878-9B8C-D960B9CEBB6B}.Debug|Any CPU.ActiveCfg = Release|x64
		{A498F620-1DA9-4878-9B8C-D960B9CEBB6B}.Debug|Any CPU.Build.0 = Release|x64
		{A498F620-1DA9-4878-9B8C-D960B9CEBB6B}.Release|Any CPU.ActiveCfg = Release|x64
		{A498F620-1DA9-4878-9B8C-D960B9CEBB6B}.Release|Any CPU.Build.0 = Release|x64
		{A498F620-1DA9-4878-9B8C-D960B9CEBB6B}.Release|Any CPU.Deploy.0 = Release|x64
		{92A7BE7B-E03C-4204-874A-AF730A7F340B}.Debug|Any CPU.ActiveCfg = Release|x64
		{92A7BE7B-E03C-4204-874A-AF730A7F340B}.Debug|Any CPU.Build.0 = Release|x64
		{92A7BE7B-E03C-4204-874A-AF730A7F340B}.Release|Any CPU.ActiveCfg = Release|x64
		{92A7BE7B-E03C-4204-874A-AF730A7F340B}.Release|Any CPU.Build.0 = Release|x64
		{92A7BE7B-E03C-4204-874A-AF730A7F340B}.Release|Any CPU.Deploy.0 = Release|x64
		{A8E54750-ECB3-4CF6-855D-6308B52C0279}.Debug|Any CPU.ActiveCfg = Release|x64
		{A8E54750-ECB3-4CF6-855D-6308B52C0279}.Debug|Any CPU.Build.0 = Release|x64
		{A8E54750-ECB3-4CF6-855D-6308B52C0279}.Release|Any CPU.ActiveCfg = Release|x64
		{A8E54750-ECB3-4CF6-855D-6308B52C0279}.Release|Any CPU.Build.0 = Release|x64
		{A8E54750-ECB3-4CF6-855D-6308B52C0279}.Release|Any CPU.Deploy.0 = Release|x64
	EndGlobalSection
EndGlobal
